
Microsoft Visual Studio Solution File, Format Version 12.00
Project("{FAE04EC0-301F-11D3-BF4B-00C04F79EFBC}") = "GraphMailer.Email.Sender", "GraphMailer.Email.Sender\GraphMailer.Email.Sender.csproj", "{D65138F1-F6F2-4343-8597-78CAD483F74B}"
EndProject
Global
	GlobalSection(SolutionConfigurationPlatforms) = preSolution
		Debug|Any CPU = Debug|Any CPU
		Release|Any CPU = Release|Any CPU
	EndGlobalSection
	GlobalSection(ProjectConfigurationPlatforms) = postSolution
		{D65138F1-F6F2-4343-8597-78CAD483F74B}.Debug|Any CPU.ActiveCfg = Debug|Any CPU
		{D65138F1-F6F2-4343-8597-78CAD483F74B}.Debug|Any CPU.Build.0 = Debug|Any CPU
		{D65138F1-F6F2-4343-8597-78CAD483F74B}.Release|Any CPU.ActiveCfg = Release|Any CPU
		{D65138F1-F6F2-4343-8597-78CAD483F74B}.Release|Any CPU.Build.0 = Release|Any CPU
	EndGlobalSection
EndGlobal
